
Microsoft Visual Studio Solution File, Format Version 12.00
# Visual Studio Version 17
VisualStudioVersion = 17.0.31912.275
MinimumVisualStudioVersion = 10.0.40219.1
Project("{FAE04EC0-301F-11D3-BF4B-00C04F79EFBC}") = "MathServiceLibrary", "MathServiceLibrary\MathServiceLibrary.csproj", "{F7068147-5F82-4F19-8D42-A33F6D24F3A9}"
EndProject
Project("{FAE04EC0-301F-11D3-BF4B-00C04F79EFBC}") = "WebHostMathService", "WebHostMathService\WebHostMathService.csproj", "{ACE717D7-856B-4C39-887B-DA9C53361CC1}"
EndProject
Project("{9A19103F-16F7-4668-BE54-9A1E7A4F7556}") = "MathServiceTestApp", "MathServiceTestApp\MathServiceTestApp.csproj", "{EB2124D9-B23E-4F86-A4E8-63792E9F5BEE}"
EndProject
Global
	GlobalSection(SolutionConfigurationPlatforms) = preSolution
		Debug|Any CPU = Debug|Any CPU
		Release|Any CPU = Release|Any CPU
	EndGlobalSection
	GlobalSection(ProjectConfigurationPlatforms) = postSolution
		{F7068147-5F82-4F19-8D42-A33F6D24F3A9}.Debug|Any CPU.ActiveCfg = Debug|Any CPU
		{F7068147-5F82-4F19-8D42-A33F6D24F3A9}.Debug|Any CPU.Build.0 = Debug|Any CPU
		{F7068147-5F82-4F19-8D42-A33F6D24F3A9}.Release|Any CPU.ActiveCfg = Release|Any CPU
		{F7068147-5F82-4F19-8D42-A33F6D24F3A9}.Release|Any CPU.Build.0 = Release|Any CPU
		{ACE717D7-856B-4C39-887B-DA9C53361CC1}.Debug|Any CPU.ActiveCfg = Debug|Any CPU
		{ACE717D7-856B-4C39-887B-DA9C53361CC1}.Debug|Any CPU.Build.0 = Debug|Any CPU
		{ACE717D7-856B-4C39-887B-DA9C53361CC1}.Release|Any CPU.ActiveCfg = Release|Any CPU
		{ACE717D7-856B-4C39-887B-DA9C53361CC1}.Release|Any CPU.Build.0 = Release|Any CPU
		{EB2124D9-B23E-4F86-A4E8-63792E9F5BEE}.Debug|Any CPU.ActiveCfg = Debug|Any CPU
		{EB2124D9-B23E-4F86-A4E8-63792E9F5BEE}.Debug|Any CPU.Build.0 = Debug|Any CPU
		{EB2124D9-B23E-4F86-A4E8-63792E9F5BEE}.Release|Any CPU.ActiveCfg = Release|Any CPU
		{EB2124D9-B23E-4F86-A4E8-63792E9F5BEE}.Release|Any CPU.Build.0 = Release|Any CPU
	EndGlobalSection
	GlobalSection(SolutionProperties) = preSolution
		HideSolutionNode = FALSE
	EndGlobalSection
	GlobalSection(ExtensibilityGlobals) = postSolution
		SolutionGuid = {9ED3821B-B654-4ADC-B60C-BAC465AD8CCE}
	EndGlobalSection
EndGlobal
